
Microsoft Visual Studio Solution File, Format Version 12.00
# Visual Studio 2013
VisualStudioVersion = 12.0.40629.0
MinimumVisualStudioVersion = 10.0.40219.1
Project("{FAE04EC0-301F-11D3-BF4B-00C04F79EFBC}") = "ZLogoEngine", "ZLogoEngine\ZLogoEngine.csproj", "{E0461CA9-202A-4C24-9B93-25A466C768A0}"
EndProject
Project("{FAE04EC0-301F-11D3-BF4B-00C04F79EFBC}") = "ZLogoIDE", "ZLogoIDE\ZLogoIDE.csproj", "{E542157F-BBC6-4CEE-AF8D-0AD9F2F58515}"
EndProject
Project("{FAE04EC0-301F-11D3-BF4B-00C04F79EFBC}") = "ZLOGO开发包", "ZLOGO开发包\ZLOGO开发包.csproj", "{64C2942E-C74A-4D32-A033-EC5950F79477}"
EndProject
Project("{FAE04EC0-301F-11D3-BF4B-00C04F79EFBC}") = "ZLTest", "ZLTest\ZLTest.csproj", "{AE064D5B-A0B2-445A-86E7-A49900199699}"
EndProject
Project("{FAE04EC0-301F-11D3-BF4B-00C04F79EFBC}") = "ZGameEngine", "..\ZGameEngine\ZGameEngine\ZGameEngine.csproj", "{8DFA7C8D-FC0C-46E9-B28D-4FB956FC7B56}"
EndProject
Project("{FAE04EC0-301F-11D3-BF4B-00C04F79EFBC}") = "ZOpen2D", "..\ZGameEngine\ZOpen2D\ZOpen2D.csproj", "{842C496B-F32A-4CE6-9D92-285F4F7CBC9F}"
EndProject
Project("{FAE04EC0-301F-11D3-BF4B-00C04F79EFBC}") = "ZLangRT", "..\ZCompileCore\ZLangRT\ZLangRT.csproj", "{BDBCDF64-058A-4F6F-A0D9-F74B4F564DD2}"
EndProject
Project("{FAE04EC0-301F-11D3-BF4B-00C04F79EFBC}") = "ZCompileDesc", "..\ZCompileCore\ZCompileDesc\ZCompileDesc.csproj", "{D6ED0D5E-D787-4AA6-B814-13ECD88CA14A}"
EndProject
Project("{FAE04EC0-301F-11D3-BF4B-00C04F79EFBC}") = "Z语言系统", "..\ZCompileCore\Z语言系统\Z语言系统.csproj", "{C868DD87-84B4-43F0-A984-6A8DD701C38D}"
EndProject
Project("{FAE04EC0-301F-11D3-BF4B-00C04F79EFBC}") = "ZCompileCore", "..\ZCompileCore\ZCompileCore\ZCompileCore.csproj", "{47777972-9E15-4AB2-89DC-A6C988864847}"
EndProject
Project("{FAE04EC0-301F-11D3-BF4B-00C04F79EFBC}") = "ZLogoCompiler", "ZLogoCompiler\ZLogoCompiler.csproj", "{4B25DB15-5A2E-4315-B83C-3FC1FB0E635F}"
EndProject
Project("{FAE04EC0-301F-11D3-BF4B-00C04F79EFBC}") = "ZCompileKit", "..\ZCompileCore\ZCompileKit\ZCompileKit.csproj", "{0744FE01-7EBF-42CA-AC05-869EC1D24F6C}"
EndProject
Global
	GlobalSection(SolutionConfigurationPlatforms) = preSolution
		Debug|Any CPU = Debug|Any CPU
		Release|Any CPU = Release|Any CPU
	EndGlobalSection
	GlobalSection(ProjectConfigurationPlatforms) = postSolution
		{E0461CA9-202A-4C24-9B93-25A466C768A0}.Debug|Any CPU.ActiveCfg = Debug|Any CPU
		{E0461CA9-202A-4C24-9B93-25A466C768A0}.Debug|Any CPU.Build.0 = Debug|Any CPU
		{E0461CA9-202A-4C24-9B93-25A466C768A0}.Release|Any CPU.ActiveCfg = Release|Any CPU
		{E0461CA9-202A-4C24-9B93-25A466C768A0}.Release|Any CPU.Build.0 = Release|Any CPU
		{E542157F-BBC6-4CEE-AF8D-0AD9F2F58515}.Debug|Any CPU.ActiveCfg = Debug|Any CPU
		{E542157F-BBC6-4CEE-AF8D-0AD9F2F58515}.Debug|Any CPU.Build.0 = Debug|Any CPU
		{E542157F-BBC6-4CEE-AF8D-0AD9F2F58515}.Release|Any CPU.ActiveCfg = Release|Any CPU
		{E542157F-BBC6-4CEE-AF8D-0AD9F2F58515}.Release|Any CPU.Build.0 = Release|Any CPU
		{64C2942E-C74A-4D32-A033-EC5950F79477}.Debug|Any CPU.ActiveCfg = Debug|Any CPU
		{64C2942E-C74A-4D32-A033-EC5950F79477}.Debug|Any CPU.Build.0 = Debug|Any CPU
		{64C2942E-C74A-4D32-A033-EC5950F79477}.Release|Any CPU.ActiveCfg = Release|Any CPU
		{64C2942E-C74A-4D32-A033-EC5950F79477}.Release|Any CPU.Build.0 = Release|Any CPU
		{AE064D5B-A0B2-445A-86E7-A49900199699}.Debug|Any CPU.ActiveCfg = Debug|Any CPU
		{AE064D5B-A0B2-445A-86E7-A49900199699}.Debug|Any CPU.Build.0 = Debug|Any CPU
		{AE064D5B-A0B2-445A-86E7-A49900199699}.Release|Any CPU.ActiveCfg = Release|Any CPU
		{AE064D5B-A0B2-445A-86E7-A49900199699}.Release|Any CPU.Build.0 = Release|Any CPU
		{8DFA7C8D-FC0C-46E9-B28D-4FB956FC7B56}.Debug|Any CPU.ActiveCfg = Debug|Any CPU
		{8DFA7C8D-FC0C-46E9-B28D-4FB956FC7B56}.Debug|Any CPU.Build.0 = Debug|Any CPU
		{8DFA7C8D-FC0C-46E9-B28D-4FB956FC7B56}.Release|Any CPU.ActiveCfg = Release|Any CPU
		{8DFA7C8D-FC0C-46E9-B28D-4FB956FC7B56}.Release|Any CPU.Build.0 = Release|Any CPU
		{842C496B-F32A-4CE6-9D92-285F4F7CBC9F}.Debug|Any CPU.ActiveCfg = Debug|Any CPU
		{842C496B-F32A-4CE6-9D92-285F4F7CBC9F}.Debug|Any CPU.Build.0 = Debug|Any CPU
		{842C496B-F32A-4CE6-9D92-285F4F7CBC9F}.Release|Any CPU.ActiveCfg = Release|Any CPU
		{842C496B-F32A-4CE6-9D92-285F4F7CBC9F}.Release|Any CPU.Build.0 = Release|Any CPU
		{BDBCDF64-058A-4F6F-A0D9-F74B4F564DD2}.Debug|Any CPU.ActiveCfg = Debug|Any CPU
		{BDBCDF64-058A-4F6F-A0D9-F74B4F564DD2}.Debug|Any CPU.Build.0 = Debug|Any CPU
		{BDBCDF64-058A-4F6F-A0D9-F74B4F564DD2}.Release|Any CPU.ActiveCfg = Release|Any CPU
		{BDBCDF64-058A-4F6F-A0D9-F74B4F564DD2}.Release|Any CPU.Build.0 = Release|Any CPU
		{D6ED0D5E-D787-4AA6-B814-13ECD88CA14A}.Debug|Any CPU.ActiveCfg = Debug|Any CPU
		{D6ED0D5E-D787-4AA6-B814-13ECD88CA14A}.Debug|Any CPU.Build.0 = Debug|Any CPU
		{D6ED0D5E-D787-4AA6-B814-13ECD88CA14A}.Release|Any CPU.ActiveCfg = Release|Any CPU
		{D6ED0D5E-D787-4AA6-B814-13ECD88CA14A}.Release|Any CPU.Build.0 = Release|Any CPU
		{C868DD87-84B4-43F0-A984-6A8DD701C38D}.Debug|Any CPU.ActiveCfg = Debug|Any CPU
		{C868DD87-84B4-43F0-A984-6A8DD701C38D}.Debug|Any CPU.Build.0 = Debug|Any CPU
		{C868DD87-84B4-43F0-A984-6A8DD701C38D}.Release|Any CPU.ActiveCfg = Release|Any CPU
		{C868DD87-84B4-43F0-A984-6A8DD701C38D}.Release|Any CPU.Build.0 = Release|Any CPU
		{47777972-9E15-4AB2-89DC-A6C988864847}.Debug|Any CPU.ActiveCfg = Debug|Any CPU
		{47777972-9E15-4AB2-89DC-A6C988864847}.Debug|Any CPU.Build.0 = Debug|Any CPU
		{47777972-9E15-4AB2-89DC-A6C988864847}.Release|Any CPU.ActiveCfg = Release|Any CPU
		{47777972-9E15-4AB2-89DC-A6C988864847}.Release|Any CPU.Build.0 = Release|Any CPU
		{4B25DB15-5A2E-4315-B83C-3FC1FB0E635F}.Debug|Any CPU.ActiveCfg = Debug|Any CPU
		{4B25DB15-5A2E-4315-B83C-3FC1FB0E635F}.Debug|Any CPU.Build.0 = Debug|Any CPU
		{4B25DB15-5A2E-4315-B83C-3FC1FB0E635F}.Release|Any CPU.ActiveCfg = Release|Any CPU
		{4B25DB15-5A2E-4315-B83C-3FC1FB0E635F}.Release|Any CPU.Build.0 = Release|Any CPU
		{0744FE01-7EBF-42CA-AC05-869EC1D24F6C}.Debug|Any CPU.ActiveCfg = Debug|Any CPU
		{0744FE01-7EBF-42CA-AC05-869EC1D24F6C}.Debug|Any CPU.Build.0 = Debug|Any CPU
		{0744FE01-7EBF-42CA-AC05-869EC1D24F6C}.Release|Any CPU.ActiveCfg = Release|Any CPU
		{0744FE01-7EBF-42CA-AC05-869EC1D24F6C}.Release|Any CPU.Build.0 = Release|Any CPU
	EndGlobalSection
	GlobalSection(SolutionProperties) = preSolution
		HideSolutionNode = FALSE
	EndGlobalSection
EndGlobal
