
Microsoft Visual Studio Solution File, Format Version 12.00
# Visual Studio 2013
VisualStudioVersion = 12.0.40629.0
MinimumVisualStudioVersion = 10.0.40219.1
Project("{FAE04EC0-301F-11D3-BF4B-00C04F79EFBC}") = "TKT.CLRTest", "TKT.CLRTest\TKT.CLRTest.csproj", "{8790C2A5-6055-40BC-AC24-913CD47135F3}"
EndProject
Project("{FAE04EC0-301F-11D3-BF4B-00C04F79EFBC}") = "Z语言系统", "Z语言系统\Z语言系统.csproj", "{C868DD87-84B4-43F0-A984-6A8DD701C38D}"
EndProject
Project("{FAE04EC0-301F-11D3-BF4B-00C04F79EFBC}") = "ZLangRT", "ZLangRT\ZLangRT.csproj", "{BDBCDF64-058A-4F6F-A0D9-F74B4F564DD2}"
EndProject
Project("{FAE04EC0-301F-11D3-BF4B-00C04F79EFBC}") = "ZCompileCore", "ZCompileCore\ZCompileCore.csproj", "{47777972-9E15-4AB2-89DC-A6C988864847}"
EndProject
Project("{FAE04EC0-301F-11D3-BF4B-00C04F79EFBC}") = "ZCompileDesc", "ZCompileDesc\ZCompileDesc.csproj", "{D6ED0D5E-D787-4AA6-B814-13ECD88CA14A}"
EndProject
Project("{FAE04EC0-301F-11D3-BF4B-00C04F79EFBC}") = "ZCompileKit", "ZCompileKit\ZCompileKit.csproj", "{0744FE01-7EBF-42CA-AC05-869EC1D24F6C}"
EndProject
Project("{FAE04EC0-301F-11D3-BF4B-00C04F79EFBC}") = "ZCompiler", "ZCompiler\ZCompiler.csproj", "{E67A9E30-33BF-4396-8EAD-2D100B3DB84A}"
EndProject
Project("{FAE04EC0-301F-11D3-BF4B-00C04F79EFBC}") = "Z标准包", "Z标准包\Z标准包.csproj", "{D52C5BD7-DD7D-459A-9953-8B3972FDF2B1}"
EndProject
Project("{FAE04EC0-301F-11D3-BF4B-00C04F79EFBC}") = "ZCompileNLP", "ZCompileNLP\ZCompileNLP.csproj", "{3497D4F3-DE89-4676-980B-50DAB21B824E}"
EndProject
Project("{FAE04EC0-301F-11D3-BF4B-00C04F79EFBC}") = "小飞机游戏", "小飞机游戏\小飞机游戏.csproj", "{0D92CAEF-8BE0-4DA2-BCBF-6F14C22049D3}"
EndProject
Global
	GlobalSection(SolutionConfigurationPlatforms) = preSolution
		Debug|Any CPU = Debug|Any CPU
		Release|Any CPU = Release|Any CPU
	EndGlobalSection
	GlobalSection(ProjectConfigurationPlatforms) = postSolution
		{8790C2A5-6055-40BC-AC24-913CD47135F3}.Debug|Any CPU.ActiveCfg = Debug|Any CPU
		{8790C2A5-6055-40BC-AC24-913CD47135F3}.Debug|Any CPU.Build.0 = Debug|Any CPU
		{8790C2A5-6055-40BC-AC24-913CD47135F3}.Release|Any CPU.ActiveCfg = Release|Any CPU
		{8790C2A5-6055-40BC-AC24-913CD47135F3}.Release|Any CPU.Build.0 = Release|Any CPU
		{C868DD87-84B4-43F0-A984-6A8DD701C38D}.Debug|Any CPU.ActiveCfg = Debug|Any CPU
		{C868DD87-84B4-43F0-A984-6A8DD701C38D}.Debug|Any CPU.Build.0 = Debug|Any CPU
		{C868DD87-84B4-43F0-A984-6A8DD701C38D}.Release|Any CPU.ActiveCfg = Release|Any CPU
		{C868DD87-84B4-43F0-A984-6A8DD701C38D}.Release|Any CPU.Build.0 = Release|Any CPU
		{BDBCDF64-058A-4F6F-A0D9-F74B4F564DD2}.Debug|Any CPU.ActiveCfg = Debug|Any CPU
		{BDBCDF64-058A-4F6F-A0D9-F74B4F564DD2}.Debug|Any CPU.Build.0 = Debug|Any CPU
		{BDBCDF64-058A-4F6F-A0D9-F74B4F564DD2}.Release|Any CPU.ActiveCfg = Release|Any CPU
		{BDBCDF64-058A-4F6F-A0D9-F74B4F564DD2}.Release|Any CPU.Build.0 = Release|Any CPU
		{47777972-9E15-4AB2-89DC-A6C988864847}.Debug|Any CPU.ActiveCfg = Debug|Any CPU
		{47777972-9E15-4AB2-89DC-A6C988864847}.Debug|Any CPU.Build.0 = Debug|Any CPU
		{47777972-9E15-4AB2-89DC-A6C988864847}.Release|Any CPU.ActiveCfg = Release|Any CPU
		{47777972-9E15-4AB2-89DC-A6C988864847}.Release|Any CPU.Build.0 = Release|Any CPU
		{D6ED0D5E-D787-4AA6-B814-13ECD88CA14A}.Debug|Any CPU.ActiveCfg = Debug|Any CPU
		{D6ED0D5E-D787-4AA6-B814-13ECD88CA14A}.Debug|Any CPU.Build.0 = Debug|Any CPU
		{D6ED0D5E-D787-4AA6-B814-13ECD88CA14A}.Release|Any CPU.ActiveCfg = Release|Any CPU
		{D6ED0D5E-D787-4AA6-B814-13ECD88CA14A}.Release|Any CPU.Build.0 = Release|Any CPU
		{0744FE01-7EBF-42CA-AC05-869EC1D24F6C}.Debug|Any CPU.ActiveCfg = Debug|Any CPU
		{0744FE01-7EBF-42CA-AC05-869EC1D24F6C}.Debug|Any CPU.Build.0 = Debug|Any CPU
		{0744FE01-7EBF-42CA-AC05-869EC1D24F6C}.Release|Any CPU.ActiveCfg = Release|Any CPU
		{0744FE01-7EBF-42CA-AC05-869EC1D24F6C}.Release|Any CPU.Build.0 = Release|Any CPU
		{E67A9E30-33BF-4396-8EAD-2D100B3DB84A}.Debug|Any CPU.ActiveCfg = Debug|Any CPU
		{E67A9E30-33BF-4396-8EAD-2D100B3DB84A}.Debug|Any CPU.Build.0 = Debug|Any CPU
		{E67A9E30-33BF-4396-8EAD-2D100B3DB84A}.Release|Any CPU.ActiveCfg = Release|Any CPU
		{E67A9E30-33BF-4396-8EAD-2D100B3DB84A}.Release|Any CPU.Build.0 = Release|Any CPU
		{D52C5BD7-DD7D-459A-9953-8B3972FDF2B1}.Debug|Any CPU.ActiveCfg = Debug|Any CPU
		{D52C5BD7-DD7D-459A-9953-8B3972FDF2B1}.Debug|Any CPU.Build.0 = Debug|Any CPU
		{D52C5BD7-DD7D-459A-9953-8B3972FDF2B1}.Release|Any CPU.ActiveCfg = Release|Any CPU
		{D52C5BD7-DD7D-459A-9953-8B3972FDF2B1}.Release|Any CPU.Build.0 = Release|Any CPU
		{3497D4F3-DE89-4676-980B-50DAB21B824E}.Debug|Any CPU.ActiveCfg = Debug|Any CPU
		{3497D4F3-DE89-4676-980B-50DAB21B824E}.Debug|Any CPU.Build.0 = Debug|Any CPU
		{3497D4F3-DE89-4676-980B-50DAB21B824E}.Release|Any CPU.ActiveCfg = Release|Any CPU
		{3497D4F3-DE89-4676-980B-50DAB21B824E}.Release|Any CPU.Build.0 = Release|Any CPU
		{0D92CAEF-8BE0-4DA2-BCBF-6F14C22049D3}.Debug|Any CPU.ActiveCfg = Debug|Any CPU
		{0D92CAEF-8BE0-4DA2-BCBF-6F14C22049D3}.Debug|Any CPU.Build.0 = Debug|Any CPU
		{0D92CAEF-8BE0-4DA2-BCBF-6F14C22049D3}.Release|Any CPU.ActiveCfg = Release|Any CPU
		{0D92CAEF-8BE0-4DA2-BCBF-6F14C22049D3}.Release|Any CPU.Build.0 = Release|Any CPU
	EndGlobalSection
	GlobalSection(SolutionProperties) = preSolution
		HideSolutionNode = FALSE
	EndGlobalSection
EndGlobal
